
Microsoft Visual Studio Solution File, Format Version 12.00
# Visual Studio Version 17
VisualStudioVersion = 17.5.33516.290
MinimumVisualStudioVersion = 10.0.40219.1
Project("{FAE04EC0-301F-11D3-BF4B-00C04F79EFBC}") = "AdminBooks", "AdminBooks\AdminBooks.csproj", "{4128A0AC-F1D8-44A0-9788-BB068AFA628B}"
EndProject
Global
	GlobalSection(SolutionConfigurationPlatforms) = preSolution
		Debug|Any CPU = Debug|Any CPU
		Release|Any CPU = Release|Any CPU
	EndGlobalSection
	GlobalSection(ProjectConfigurationPlatforms) = postSolution
		{4128A0AC-F1D8-44A0-9788-BB068AFA628B}.Debug|Any CPU.ActiveCfg = Debug|Any CPU
		{4128A0AC-F1D8-44A0-9788-BB068AFA628B}.Debug|Any CPU.Build.0 = Debug|Any CPU
		{4128A0AC-F1D8-44A0-9788-BB068AFA628B}.Release|Any CPU.ActiveCfg = Release|Any CPU
		{4128A0AC-F1D8-44A0-9788-BB068AFA628B}.Release|Any CPU.Build.0 = Release|Any CPU
	EndGlobalSection
	GlobalSection(SolutionProperties) = preSolution
		HideSolutionNode = FALSE
	EndGlobalSection
	GlobalSection(ExtensibilityGlobals) = postSolution
		SolutionGuid = {2CC4D079-1976-45CB-8F2F-643B2BF51BCF}
	EndGlobalSection
EndGlobal
